{
  "name": "copilot-plus",
  "version": "1.0.12",
  "lockfileVersion": 3,
  "requires": true,
  "packages": {
    "": {
      "name": "copilot-plus",
      "version": "1.0.12",
      "hasInstallScript": true,
      "license": "MIT",
      "dependencies": {
        "@picovoice/porcupine-node": "^3.0.0",
        "@picovoice/pvrecorder-node": "^1.2.0",
        "node-pty": "^1.0.0"
      },
      "bin": {
        "copilot+": "bin/copilot+"
      },
      "engines": {
        "node": ">=18"
      }
    },
    "node_modules/@picovoice/porcupine-node": {
      "version": "3.0.6",
      "resolved": "https://registry.npmjs.org/@picovoice/porcupine-node/-/porcupine-node-3.0.6.tgz",
      "integrity": "sha512-vYlY0Hf9ovRB+Z9yyLReiVYZkLsm/kVPgDWTu2dgtqAooednohljfxSRzJUojapp8BFd7aW8P3H/4sm1zy49lw==",
      "cpu": [
        "!ia32",
        "!mips",
        "!ppc",
        "!ppc64"
      ],
      "license": "Apache-2.0",
      "engines": {
        "node": ">=18.0.0"
      }
    },
    "node_modules/@picovoice/pvrecorder-node": {
      "version": "1.2.8",
      "resolved": "https://registry.npmjs.org/@picovoice/pvrecorder-node/-/pvrecorder-node-1.2.8.tgz",
      "integrity": "sha512-dbLJlplQQNRkM2ja/hP4sRADGDILuJ54dEf8cU5eULeNrddxXvOtE8IiJ5F2VhhbXmIv3Qmn79DqhttCOxjH8Q==",
      "license": "Apache-2.0",
      "engines": {
        "node": ">=18.0.0"
      }
    },
    "node_modules/node-addon-api": {
      "version": "7.1.1",
      "resolved": "https://registry.npmjs.org/node-addon-api/-/node-addon-api-7.1.1.tgz",
      "integrity": "sha512-5m3bsyrjFWE1xf7nz7YXdN4udnVtXK6/Yfgn5qnahL6bCkf2yKt4k3nuTKAtT4r3IG8JNR2ncsIMdZuAzJjHQQ==",
      "license": "MIT"
    },
    "node_modules/node-pty": {
      "version": "1.1.0",
      "resolved": "https://registry.npmjs.org/node-pty/-/node-pty-1.1.0.tgz",
      "integrity": "sha512-20JqtutY6JPXTUnL0ij1uad7Qe1baT46lyolh2sSENDd4sTzKZ4nmAFkeAARDKwmlLjPx6XKRlwRUxwjOy+lUg==",
      "hasInstallScript": true,
      "license": "MIT",
      "dependencies": {
        "node-addon-api": "^7.1.0"
      }
    }
  }
}
